
Microsoft Visual Studio Solution File, Format Version 12.00
# Visual Studio Version 17
VisualStudioVersion = 17.13.35806.99 d17.13
MinimumVisualStudioVersion = 10.0.40219.1
Project("{FAE04EC0-301F-11D3-BF4B-00C04F79EFBC}") = "TestApi", "TestApi\TestApi.csproj", "{02FE7567-2CEC-49CB-A8F5-9E27AD280C37}"
EndProject
Global
	GlobalSection(SolutionConfigurationPlatforms) = preSolution
		Debug|Any CPU = Debug|Any CPU
		Release|Any CPU = Release|Any CPU
	EndGlobalSection
	GlobalSection(ProjectConfigurationPlatforms) = postSolution
		{02FE7567-2CEC-49CB-A8F5-9E27AD280C37}.Debug|Any CPU.ActiveCfg = Debug|Any CPU
		{02FE7567-2CEC-49CB-A8F5-9E27AD280C37}.Debug|Any CPU.Build.0 = Debug|Any CPU
		{02FE7567-2CEC-49CB-A8F5-9E27AD280C37}.Release|Any CPU.ActiveCfg = Release|Any CPU
		{02FE7567-2CEC-49CB-A8F5-9E27AD280C37}.Release|Any CPU.Build.0 = Release|Any CPU
	EndGlobalSection
	GlobalSection(SolutionProperties) = preSolution
		HideSolutionNode = FALSE
	EndGlobalSection
	GlobalSection(ExtensibilityGlobals) = postSolution
		SolutionGuid = {B916BA82-A8C7-4F71-A0FD-1887528003EA}
	EndGlobalSection
EndGlobal
